
Microsoft Visual Studio Solution File, Format Version 12.00
# Visual Studio Version 17
VisualStudioVersion = 17.7.34031.279
MinimumVisualStudioVersion = 10.0.40219.1
Project("{FAE04EC0-301F-11D3-BF4B-00C04F79EFBC}") = "TaskList", "TaskList\TaskList.csproj", "{17ECB8B3-C9DA-4816-BEE1-1FCB824D3563}"
EndProject
Global
	GlobalSection(SolutionConfigurationPlatforms) = preSolution
		Debug|Any CPU = Debug|Any CPU
		Release|Any CPU = Release|Any CPU
	EndGlobalSection
	GlobalSection(ProjectConfigurationPlatforms) = postSolution
		{17ECB8B3-C9DA-4816-BEE1-1FCB824D3563}.Debug|Any CPU.ActiveCfg = Debug|Any CPU
		{17ECB8B3-C9DA-4816-BEE1-1FCB824D3563}.Debug|Any CPU.Build.0 = Debug|Any CPU
		{17ECB8B3-C9DA-4816-BEE1-1FCB824D3563}.Debug|Any CPU.Deploy.0 = Debug|Any CPU
		{17ECB8B3-C9DA-4816-BEE1-1FCB824D3563}.Release|Any CPU.ActiveCfg = Release|Any CPU
		{17ECB8B3-C9DA-4816-BEE1-1FCB824D3563}.Release|Any CPU.Build.0 = Release|Any CPU
		{17ECB8B3-C9DA-4816-BEE1-1FCB824D3563}.Release|Any CPU.Deploy.0 = Release|Any CPU
	EndGlobalSection
	GlobalSection(SolutionProperties) = preSolution
		HideSolutionNode = FALSE
	EndGlobalSection
	GlobalSection(ExtensibilityGlobals) = postSolution
		SolutionGuid = {3185179E-BA3D-42F6-BBCB-7FCAE519F615}
	EndGlobalSection
EndGlobal
